
Microsoft Visual Studio Solution File, Format Version 12.00
Project("{FAE04EC0-301F-11D3-BF4B-00C04F79EFBC}") = "ApiRedis", "ApiRedis\ApiRedis.csproj", "{F74BBAF4-6126-4CAC-8D04-467D084DEA10}"
EndProject
Global
	GlobalSection(SolutionConfigurationPlatforms) = preSolution
		Debug|Any CPU = Debug|Any CPU
		Release|Any CPU = Release|Any CPU
	EndGlobalSection
	GlobalSection(ProjectConfigurationPlatforms) = postSolution
		{F74BBAF4-6126-4CAC-8D04-467D084DEA10}.Debug|Any CPU.ActiveCfg = Debug|Any CPU
		{F74BBAF4-6126-4CAC-8D04-467D084DEA10}.Debug|Any CPU.Build.0 = Debug|Any CPU
		{F74BBAF4-6126-4CAC-8D04-467D084DEA10}.Release|Any CPU.ActiveCfg = Release|Any CPU
		{F74BBAF4-6126-4CAC-8D04-467D084DEA10}.Release|Any CPU.Build.0 = Release|Any CPU
	EndGlobalSection
EndGlobal
